
Microsoft Visual Studio Solution File, Format Version 12.00
# Visual Studio 15
VisualStudioVersion = 15.0.28010.2036
MinimumVisualStudioVersion = 10.0.40219.1
Project("{FAE04EC0-301F-11D3-BF4B-00C04F79EFBC}") = "l2", "l2\l2.csproj", "{28B66F35-A21D-47D5-BF97-AC8676825D22}"
EndProject
Global
	GlobalSection(SolutionConfigurationPlatforms) = preSolution
		Debug|Any CPU = Debug|Any CPU
		Release|Any CPU = Release|Any CPU
	EndGlobalSection
	GlobalSection(ProjectConfigurationPlatforms) = postSolution
		{28B66F35-A21D-47D5-BF97-AC8676825D22}.Debug|Any CPU.ActiveCfg = Debug|Any CPU
		{28B66F35-A21D-47D5-BF97-AC8676825D22}.Debug|Any CPU.Build.0 = Debug|Any CPU
		{28B66F35-A21D-47D5-BF97-AC8676825D22}.Release|Any CPU.ActiveCfg = Release|Any CPU
		{28B66F35-A21D-47D5-BF97-AC8676825D22}.Release|Any CPU.Build.0 = Release|Any CPU
	EndGlobalSection
	GlobalSection(SolutionProperties) = preSolution
		HideSolutionNode = FALSE
	EndGlobalSection
	GlobalSection(ExtensibilityGlobals) = postSolution
		SolutionGuid = {D10BC6BC-EF4B-4DC2-8822-D0BAFA7278EB}
	EndGlobalSection
EndGlobal
